
Microsoft Visual Studio Solution File, Format Version 12.00
# Visual Studio Version 16
VisualStudioVersion = 16.0.31129.286
MinimumVisualStudioVersion = 10.0.40219.1
Project("{FAE04EC0-301F-11D3-BF4B-00C04F79EFBC}") = "BookStoreApp", "BookStoreApp\BookStoreApp.csproj", "{65A3EF4E-4089-49AD-8454-25FFC8CD6086}"
EndProject
Global
	GlobalSection(SolutionConfigurationPlatforms) = preSolution
		Debug|Any CPU = Debug|Any CPU
		Release|Any CPU = Release|Any CPU
	EndGlobalSection
	GlobalSection(ProjectConfigurationPlatforms) = postSolution
		{65A3EF4E-4089-49AD-8454-25FFC8CD6086}.Debug|Any CPU.ActiveCfg = Debug|Any CPU
		{65A3EF4E-4089-49AD-8454-25FFC8CD6086}.Debug|Any CPU.Build.0 = Debug|Any CPU
		{65A3EF4E-4089-49AD-8454-25FFC8CD6086}.Release|Any CPU.ActiveCfg = Release|Any CPU
		{65A3EF4E-4089-49AD-8454-25FFC8CD6086}.Release|Any CPU.Build.0 = Release|Any CPU
	EndGlobalSection
	GlobalSection(SolutionProperties) = preSolution
		HideSolutionNode = FALSE
	EndGlobalSection
	GlobalSection(ExtensibilityGlobals) = postSolution
		SolutionGuid = {341C90AD-6054-430A-83DD-EF3BEC2E86E4}
	EndGlobalSection
EndGlobal
